
Microsoft Visual Studio Solution File, Format Version 12.00
# Visual Studio Version 17
VisualStudioVersion = 17.1.32328.378
MinimumVisualStudioVersion = 10.0.40219.1
Project("{FAE04EC0-301F-11D3-BF4B-00C04F79EFBC}") = "Dungeons And Dragons Character Manager App", "Dungeons And Dragons Character Manager App.csproj", "{1641F219-7C90-4753-ABB2-9C9CBAD6CAFA}"
EndProject
Global
	GlobalSection(SolutionConfigurationPlatforms) = preSolution
		Debug|Any CPU = Debug|Any CPU
		Release|Any CPU = Release|Any CPU
	EndGlobalSection
	GlobalSection(ProjectConfigurationPlatforms) = postSolution
		{1641F219-7C90-4753-ABB2-9C9CBAD6CAFA}.Debug|Any CPU.ActiveCfg = Debug|Any CPU
		{1641F219-7C90-4753-ABB2-9C9CBAD6CAFA}.Debug|Any CPU.Build.0 = Debug|Any CPU
		{1641F219-7C90-4753-ABB2-9C9CBAD6CAFA}.Release|Any CPU.ActiveCfg = Release|Any CPU
		{1641F219-7C90-4753-ABB2-9C9CBAD6CAFA}.Release|Any CPU.Build.0 = Release|Any CPU
	EndGlobalSection
	GlobalSection(SolutionProperties) = preSolution
		HideSolutionNode = FALSE
	EndGlobalSection
	GlobalSection(ExtensibilityGlobals) = postSolution
		SolutionGuid = {F00A2E5D-B0C3-46C1-9D94-6BE6A5450613}
	EndGlobalSection
EndGlobal
